// !$*UTF8*$!
{
	archiveVersion = 1;
	classes = {
	};
	objectVersion = 55;
	objects = {

/* Begin PBXBuildFile section */
		28486D9827DAD12700FDC8AA /* MainWindow.swift in Sources */ = {isa = PBXBuildFile; fileRef = 28486D9727DAD12700FDC8AA /* MainWindow.swift */; };
		28486D9C27DAE01500FDC8AA /* Welcome.mp4 in Resources */ = {isa = PBXBuildFile; fileRef = 28486D9B27DAE01400FDC8AA /* Welcome.mp4 */; };
		28486D9E27DAE16700FDC8AA /* WindowMovingImageView.swift in Sources */ = {isa = PBXBuildFile; fileRef = 28486D9D27DAE16700FDC8AA /* WindowMovingImageView.swift */; };
		28A558A627C6F7E40073C3DC /* URL+XATTR.swift in Sources */ = {isa = PBXBuildFile; fileRef = 28A558A527C6F7E40073C3DC /* URL+XATTR.swift */; };
		28A558A827C70C3B0073C3DC /* Color.swift in Sources */ = {isa = PBXBuildFile; fileRef = 28A558A727C70C3B0073C3DC /* Color.swift */; };
		28B87FC027DAEE5B00A1A4E7 /* VideoContainerView.swift in Sources */ = {isa = PBXBuildFile; fileRef = 28B87FBF27DAEE5B00A1A4E7 /* VideoContainerView.swift */; };
		28FDF717279E1D4800573C23 /* AppDelegate.swift in Sources */ = {isa = PBXBuildFile; fileRef = 28FDF716279E1D4800573C23 /* AppDelegate.swift */; };
		28FDF719279E1D4800573C23 /* ViewController.swift in Sources */ = {isa = PBXBuildFile; fileRef = 28FDF718279E1D4800573C23 /* ViewController.swift */; };
		28FDF71B279E1D4900573C23 /* Assets.xcassets in Resources */ = {isa = PBXBuildFile; fileRef = 28FDF71A279E1D4900573C23 /* Assets.xcassets */; };
		28FDF71E279E1D4900573C23 /* Main.storyboard in Resources */ = {isa = PBXBuildFile; fileRef = 28FDF71C279E1D4900573C23 /* Main.storyboard */; };
		28FDF72C279E1D6F00573C23 /* FinderSync.swift in Sources */ = {isa = PBXBuildFile; fileRef = 28FDF72B279E1D6F00573C23 /* FinderSync.swift */; };
		28FDF731279E1D6F00573C23 /* Manila Finder Extension.appex in Embed App Extensions */ = {isa = PBXBuildFile; fileRef = 28FDF729279E1D6F00573C23 /* Manila Finder Extension.appex */; settings = {ATTRIBUTES = (RemoveHeadersOnCopy, ); }; };
		28FDF737279E202800573C23 /* Assets.xcassets in Resources */ = {isa = PBXBuildFile; fileRef = 28FDF736279E202800573C23 /* Assets.xcassets */; };
/* End PBXBuildFile section */

/* Begin PBXContainerItemProxy section */
		28FDF72F279E1D6F00573C23 /* PBXContainerItemProxy */ = {
			isa = PBXContainerItemProxy;
			containerPortal = 28FDF70B279E1D4800573C23 /* Project object */;
			proxyType = 1;
			remoteGlobalIDString = 28FDF728279E1D6F00573C23;
			remoteInfo = "Manila Finder Extension";
		};
/* End PBXContainerItemProxy section */

/* Begin PBXCopyFilesBuildPhase section */
		28FDF735279E1D6F00573C23 /* Embed App Extensions */ = {
			isa = PBXCopyFilesBuildPhase;
			buildActionMask = 2147483647;
			dstPath = "";
			dstSubfolderSpec = 13;
			files = (
				28FDF731279E1D6F00573C23 /* Manila Finder Extension.appex in Embed App Extensions */,
			);
			name = "Embed App Extensions";
			runOnlyForDeploymentPostprocessing = 0;
		};
/* End PBXCopyFilesBuildPhase section */

/* Begin PBXFileReference section */
		28486D9727DAD12700FDC8AA /* MainWindow.swift */ = {isa = PBXFileReference; lastKnownFileType = sourcecode.swift; path = MainWindow.swift; sourceTree = "<group>"; };
		28486D9B27DAE01400FDC8AA /* Welcome.mp4 */ = {isa = PBXFileReference; lastKnownFileType = file; path = Welcome.mp4; sourceTree = "<group>"; };
		28486D9D27DAE16700FDC8AA /* WindowMovingImageView.swift */ = {isa = PBXFileReference; lastKnownFileType = sourcecode.swift; path = WindowMovingImageView.swift; sourceTree = "<group>"; };
		28A558A527C6F7E40073C3DC /* URL+XATTR.swift */ = {isa = PBXFileReference; lastKnownFileType = sourcecode.swift; path = "URL+XATTR.swift"; sourceTree = "<group>"; };
		28A558A727C70C3B0073C3DC /* Color.swift */ = {isa = PBXFileReference; lastKnownFileType = sourcecode.swift; path = Color.swift; sourceTree = "<group>"; };
		28B87FBF27DAEE5B00A1A4E7 /* VideoContainerView.swift */ = {isa = PBXFileReference; lastKnownFileType = sourcecode.swift; path = VideoContainerView.swift; sourceTree = "<group>"; };
		28FDF713279E1D4800573C23 /* Manila.app */ = {isa = PBXFileReference; explicitFileType = wrapper.application; includeInIndex = 0; path = Manila.app; sourceTree = BUILT_PRODUCTS_DIR; };
		28FDF716279E1D4800573C23 /* AppDelegate.swift */ = {isa = PBXFileReference; lastKnownFileType = sourcecode.swift; path = AppDelegate.swift; sourceTree = "<group>"; };
		28FDF718279E1D4800573C23 /* ViewController.swift */ = {isa = PBXFileReference; lastKnownFileType = sourcecode.swift; path = ViewController.swift; sourceTree = "<group>"; };
		28FDF71A279E1D4900573C23 /* Assets.xcassets */ = {isa = PBXFileReference; lastKnownFileType = folder.assetcatalog; path = Assets.xcassets; sourceTree = "<group>"; };
		28FDF71D279E1D4900573C23 /* Base */ = {isa = PBXFileReference; lastKnownFileType = file.storyboard; name = Base; path = Base.lproj/Main.storyboard; sourceTree = "<group>"; };
		28FDF71F279E1D4900573C23 /* Manila.entitlements */ = {isa = PBXFileReference; lastKnownFileType = text.plist.entitlements; path = Manila.entitlements; sourceTree = "<group>"; };
		28FDF729279E1D6F00573C23 /* Manila Finder Extension.appex */ = {isa = PBXFileReference; explicitFileType = "wrapper.app-extension"; includeInIndex = 0; path = "Manila Finder Extension.appex"; sourceTree = BUILT_PRODUCTS_DIR; };
		28FDF72B279E1D6F00573C23 /* FinderSync.swift */ = {isa = PBXFileReference; lastKnownFileType = sourcecode.swift; path = FinderSync.swift; sourceTree = "<group>"; };
		28FDF72D279E1D6F00573C23 /* Info.plist */ = {isa = PBXFileReference; lastKnownFileType = text.plist.xml; path = Info.plist; sourceTree = "<group>"; };
		28FDF72E279E1D6F00573C23 /* Manila_Finder_Extension.entitlements */ = {isa = PBXFileReference; lastKnownFileType = text.plist.entitlements; path = Manila_Finder_Extension.entitlements; sourceTree = "<group>"; };
		28FDF736279E202800573C23 /* Assets.xcassets */ = {isa = PBXFileReference; lastKnownFileType = folder.assetcatalog; path = Assets.xcassets; sourceTree = "<group>"; };
/* End PBXFileReference section */

/* Begin PBXFrameworksBuildPhase section */
		28FDF710279E1D4800573C23 /* Frameworks */ = {
			isa = PBXFrameworksBuildPhase;
			buildActionMask = 2147483647;
			files = (
			);
			runOnlyForDeploymentPostprocessing = 0;
		};
		28FDF726279E1D6F00573C23 /* Frameworks */ = {
			isa = PBXFrameworksBuildPhase;
			buildActionMask = 2147483647;
			files = (
			);
			runOnlyForDeploymentPostprocessing = 0;
		};
/* End PBXFrameworksBuildPhase section */

/* Begin PBXGroup section */
		28FDF70A279E1D4800573C23 = {
			isa = PBXGroup;
			children = (
				28FDF715279E1D4800573C23 /* Manila */,
				28FDF72A279E1D6F00573C23 /* Manila Finder Extension */,
				28FDF714279E1D4800573C23 /* Products */,
			);
			sourceTree = "<group>";
		};
		28FDF714279E1D4800573C23 /* Products */ = {
			isa = PBXGroup;
			children = (
				28FDF713279E1D4800573C23 /* Manila.app */,
				28FDF729279E1D6F00573C23 /* Manila Finder Extension.appex */,
			);
			name = Products;
			sourceTree = "<group>";
		};
		28FDF715279E1D4800573C23 /* Manila */ = {
			isa = PBXGroup;
			children = (
				28FDF716279E1D4800573C23 /* AppDelegate.swift */,
				28486D9727DAD12700FDC8AA /* MainWindow.swift */,
				28FDF718279E1D4800573C23 /* ViewController.swift */,
				28486D9D27DAE16700FDC8AA /* WindowMovingImageView.swift */,
				28B87FBF27DAEE5B00A1A4E7 /* VideoContainerView.swift */,
				28FDF71A279E1D4900573C23 /* Assets.xcassets */,
				28FDF71C279E1D4900573C23 /* Main.storyboard */,
				28FDF71F279E1D4900573C23 /* Manila.entitlements */,
				28486D9B27DAE01400FDC8AA /* Welcome.mp4 */,
			);
			path = Manila;
			sourceTree = "<group>";
		};
		28FDF72A279E1D6F00573C23 /* Manila Finder Extension */ = {
			isa = PBXGroup;
			children = (
				28FDF72B279E1D6F00573C23 /* FinderSync.swift */,
				28A558A727C70C3B0073C3DC /* Color.swift */,
				28A558A527C6F7E40073C3DC /* URL+XATTR.swift */,
				28FDF736279E202800573C23 /* Assets.xcassets */,
				28FDF72D279E1D6F00573C23 /* Info.plist */,
				28FDF72E279E1D6F00573C23 /* Manila_Finder_Extension.entitlements */,
			);
			path = "Manila Finder Extension";
			sourceTree = "<group>";
		};
/* End PBXGroup section */

/* Begin PBXNativeTarget section */
		28FDF712279E1D4800573C23 /* Manila */ = {
			isa = PBXNativeTarget;
			buildConfigurationList = 28FDF722279E1D4900573C23 /* Build configuration list for PBXNativeTarget "Manila" */;
			buildPhases = (
				28FDF70F279E1D4800573C23 /* Sources */,
				28FDF710279E1D4800573C23 /* Frameworks */,
				28FDF711279E1D4800573C23 /* Resources */,
				28FDF735279E1D6F00573C23 /* Embed App Extensions */,
			);
			buildRules = (
			);
			dependencies = (
				28FDF730279E1D6F00573C23 /* PBXTargetDependency */,
			);
			name = Manila;
			productName = Manila;
			productReference = 28FDF713279E1D4800573C23 /* Manila.app */;
			productType = "com.apple.product-type.application";
		};
		28FDF728279E1D6F00573C23 /* Manila Finder Extension */ = {
			isa = PBXNativeTarget;
			buildConfigurationList = 28FDF732279E1D6F00573C23 /* Build configuration list for PBXNativeTarget "Manila Finder Extension" */;
			buildPhases = (
				28FDF725279E1D6F00573C23 /* Sources */,
				28FDF726279E1D6F00573C23 /* Frameworks */,
				28FDF727279E1D6F00573C23 /* Resources */,
			);
			buildRules = (
			);
			dependencies = (
			);
			name = "Manila Finder Extension";
			productName = "Manila Finder Extension";
			productReference = 28FDF729279E1D6F00573C23 /* Manila Finder Extension.appex */;
			productType = "com.apple.product-type.app-extension";
		};
/* End PBXNativeTarget section */

/* Begin PBXProject section */
		28FDF70B279E1D4800573C23 /* Project object */ = {
			isa = PBXProject;
			attributes = {
				BuildIndependentTargetsInParallel = 1;
				LastSwiftUpdateCheck = 1320;
				LastUpgradeCheck = 1330;
				TargetAttributes = {
					28FDF712279E1D4800573C23 = {
						CreatedOnToolsVersion = 13.2.1;
					};
					28FDF728279E1D6F00573C23 = {
						CreatedOnToolsVersion = 13.2.1;
					};
				};
			};
			buildConfigurationList = 28FDF70E279E1D4800573C23 /* Build configuration list for PBXProject "Manila" */;
			compatibilityVersion = "Xcode 13.0";
			developmentRegion = en;
			hasScannedForEncodings = 0;
			knownRegions = (
				en,
				Base,
			);
			mainGroup = 28FDF70A279E1D4800573C23;
			productRefGroup = 28FDF714279E1D4800573C23 /* Products */;
			projectDirPath = "";
			projectRoot = "";
			targets = (
				28FDF712279E1D4800573C23 /* Manila */,
				28FDF728279E1D6F00573C23 /* Manila Finder Extension */,
			);
		};
/* End PBXProject section */

/* Begin PBXResourcesBuildPhase section */
		28FDF711279E1D4800573C23 /* Resources */ = {
			isa = PBXResourcesBuildPhase;
			buildActionMask = 2147483647;
			files = (
				28486D9C27DAE01500FDC8AA /* Welcome.mp4 in Resources */,
				28FDF71B279E1D4900573C23 /* Assets.xcassets in Resources */,
				28FDF71E279E1D4900573C23 /* Main.storyboard in Resources */,
			);
			runOnlyForDeploymentPostprocessing = 0;
		};
		28FDF727279E1D6F00573C23 /* Resources */ = {
			isa = PBXResourcesBuildPhase;
			buildActionMask = 2147483647;
			files = (
				28FDF737279E202800573C23 /* Assets.xcassets in Resources */,
			);
			runOnlyForDeploymentPostprocessing = 0;
		};
/* End PBXResourcesBuildPhase section */

/* Begin PBXSourcesBuildPhase section */
		28FDF70F279E1D4800573C23 /* Sources */ = {
			isa = PBXSourcesBuildPhase;
			buildActionMask = 2147483647;
			files = (
				28486D9E27DAE16700FDC8AA /* WindowMovingImageView.swift in Sources */,
				28FDF719279E1D4800573C23 /* ViewController.swift in Sources */,
				28B87FC027DAEE5B00A1A4E7 /* VideoContainerView.swift in Sources */,
				28486D9827DAD12700FDC8AA /* MainWindow.swift in Sources */,
				28FDF717279E1D4800573C23 /* AppDelegate.swift in Sources */,
			);
			runOnlyForDeploymentPostprocessing = 0;
		};
		28FDF725279E1D6F00573C23 /* Sources */ = {
			isa = PBXSourcesBuildPhase;
			buildActionMask = 2147483647;
			files = (
				28FDF72C279E1D6F00573C23 /* FinderSync.swift in Sources */,
				28A558A627C6F7E40073C3DC /* URL+XATTR.swift in Sources */,
				28A558A827C70C3B0073C3DC /* Color.swift in Sources */,
			);
			runOnlyForDeploymentPostprocessing = 0;
		};
/* End PBXSourcesBuildPhase section */

/* Begin PBXTargetDependency section */
		28FDF730279E1D6F00573C23 /* PBXTargetDependency */ = {
			isa = PBXTargetDependency;
			target = 28FDF728279E1D6F00573C23 /* Manila Finder Extension */;
			targetProxy = 28FDF72F279E1D6F00573C23 /* PBXContainerItemProxy */;
		};
/* End PBXTargetDependency section */

/* Begin PBXVariantGroup section */
		28FDF71C279E1D4900573C23 /* Main.storyboard */ = {
			isa = PBXVariantGroup;
			children = (
				28FDF71D279E1D4900573C23 /* Base */,
			);
			name = Main.storyboard;
			sourceTree = "<group>";
		};
/* End PBXVariantGroup section */

/* Begin XCBuildConfiguration section */
		28FDF720279E1D4900573C23 /* Debug */ = {
			isa = XCBuildConfiguration;
			buildSettings = {
				ALWAYS_SEARCH_USER_PATHS = NO;
				CLANG_ANALYZER_NONNULL = YES;
				CLANG_ANALYZER_NUMBER_OBJECT_CONVERSION = YES_AGGRESSIVE;
				CLANG_CXX_LANGUAGE_STANDARD = "gnu++17";
				CLANG_CXX_LIBRARY = "libc++";
				CLANG_ENABLE_MODULES = YES;
				CLANG_ENABLE_OBJC_ARC = YES;
				CLANG_ENABLE_OBJC_WEAK = YES;
				CLANG_WARN_BLOCK_CAPTURE_AUTORELEASING = YES;
				CLANG_WARN_BOOL_CONVERSION = YES;
				CLANG_WARN_COMMA = YES;
				CLANG_WARN_CONSTANT_CONVERSION = YES;
				CLANG_WARN_DEPRECATED_OBJC_IMPLEMENTATIONS = YES;
				CLANG_WARN_DIRECT_OBJC_ISA_USAGE = YES_ERROR;
				CLANG_WARN_DOCUMENTATION_COMMENTS = YES;
				CLANG_WARN_EMPTY_BODY = YES;
				CLANG_WARN_ENUM_CONVERSION = YES;
				CLANG_WARN_INFINITE_RECURSION = YES;
				CLANG_WARN_INT_CONVERSION = YES;
				CLANG_WARN_NON_LITERAL_NULL_CONVERSION = YES;
				CLANG_WARN_OBJC_IMPLICIT_RETAIN_SELF = YES;
				CLANG_WARN_OBJC_LITERAL_CONVERSION = YES;
				CLANG_WARN_OBJC_ROOT_CLASS = YES_ERROR;
				CLANG_WARN_QUOTED_INCLUDE_IN_FRAMEWORK_HEADER = YES;
				CLANG_WARN_RANGE_LOOP_ANALYSIS = YES;
				CLANG_WARN_STRICT_PROTOTYPES = YES;
				CLANG_WARN_SUSPICIOUS_MOVE = YES;
				CLANG_WARN_UNGUARDED_AVAILABILITY = YES_AGGRESSIVE;
				CLANG_WARN_UNREACHABLE_CODE = YES;
				CLANG_WARN__DUPLICATE_METHOD_MATCH = YES;
				COPY_PHASE_STRIP = NO;
				DEBUG_INFORMATION_FORMAT = dwarf;
				ENABLE_STRICT_OBJC_MSGSEND = YES;
				ENABLE_TESTABILITY = YES;
				GCC_C_LANGUAGE_STANDARD = gnu11;
				GCC_DYNAMIC_NO_PIC = NO;
				GCC_NO_COMMON_BLOCKS = YES;
				GCC_OPTIMIZATION_LEVEL = 0;
				GCC_PREPROCESSOR_DEFINITIONS = (
					"DEBUG=1",
					"$(inherited)",
				);
				GCC_WARN_64_TO_32_BIT_CONVERSION = YES;
				GCC_WARN_ABOUT_RETURN_TYPE = YES_ERROR;
				GCC_WARN_UNDECLARED_SELECTOR = YES;
				GCC_WARN_UNINITIALIZED_AUTOS = YES_AGGRESSIVE;
				GCC_WARN_UNUSED_FUNCTION = YES;
				GCC_WARN_UNUSED_VARIABLE = YES;
				MACOSX_DEPLOYMENT_TARGET = 12.1;
				MTL_ENABLE_DEBUG_INFO = INCLUDE_SOURCE;
				MTL_FAST_MATH = YES;
				ONLY_ACTIVE_ARCH = YES;
				SDKROOT = macosx;
				SWIFT_ACTIVE_COMPILATION_CONDITIONS = DEBUG;
				SWIFT_OPTIMIZATION_LEVEL = "-Onone";
			};
			name = Debug;
		};
		28FDF721279E1D4900573C23 /* Release */ = {
			isa = XCBuildConfiguration;
			buildSettings = {
				ALWAYS_SEARCH_USER_PATHS = NO;
				CLANG_ANALYZER_NONNULL = YES;
				CLANG_ANALYZER_NUMBER_OBJECT_CONVERSION = YES_AGGRESSIVE;
				CLANG_CXX_LANGUAGE_STANDARD = "gnu++17";
				CLANG_CXX_LIBRARY = "libc++";
				CLANG_ENABLE_MODULES = YES;
				CLANG_ENABLE_OBJC_ARC = YES;
				CLANG_ENABLE_OBJC_WEAK = YES;
				CLANG_WARN_BLOCK_CAPTURE_AUTORELEASING = YES;
				CLANG_WARN_BOOL_CONVERSION = YES;
				CLANG_WARN_COMMA = YES;
				CLANG_WARN_CONSTANT_CONVERSION = YES;
				CLANG_WARN_DEPRECATED_OBJC_IMPLEMENTATIONS = YES;
				CLANG_WARN_DIRECT_OBJC_ISA_USAGE = YES_ERROR;
				CLANG_WARN_DOCUMENTATION_COMMENTS = YES;
				CLANG_WARN_EMPTY_BODY = YES;
				CLANG_WARN_ENUM_CONVERSION = YES;
				CLANG_WARN_INFINITE_RECURSION = YES;
				CLANG_WARN_INT_CONVERSION = YES;
				CLANG_WARN_NON_LITERAL_NULL_CONVERSION = YES;
				CLANG_WARN_OBJC_IMPLICIT_RETAIN_SELF = YES;
				CLANG_WARN_OBJC_LITERAL_CONVERSION = YES;
				CLANG_WARN_OBJC_ROOT_CLASS = YES_ERROR;
				CLANG_WARN_QUOTED_INCLUDE_IN_FRAMEWORK_HEADER = YES;
				CLANG_WARN_RANGE_LOOP_ANALYSIS = YES;
				CLANG_WARN_STRICT_PROTOTYPES = YES;
				CLANG_WARN_SUSPICIOUS_MOVE = YES;
				CLANG_WARN_UNGUARDED_AVAILABILITY = YES_AGGRESSIVE;
				CLANG_WARN_UNREACHABLE_CODE = YES;
				CLANG_WARN__DUPLICATE_METHOD_MATCH = YES;
				COPY_PHASE_STRIP = NO;
				DEBUG_INFORMATION_FORMAT = "dwarf-with-dsym";
				ENABLE_NS_ASSERTIONS = NO;
				ENABLE_STRICT_OBJC_MSGSEND = YES;
				GCC_C_LANGUAGE_STANDARD = gnu11;
				GCC_NO_COMMON_BLOCKS = YES;
				GCC_WARN_64_TO_32_BIT_CONVERSION = YES;
				GCC_WARN_ABOUT_RETURN_TYPE = YES_ERROR;
				GCC_WARN_UNDECLARED_SELECTOR = YES;
				GCC_WARN_UNINITIALIZED_AUTOS = YES_AGGRESSIVE;
				GCC_WARN_UNUSED_FUNCTION = YES;
				GCC_WARN_UNUSED_VARIABLE = YES;
				MACOSX_DEPLOYMENT_TARGET = 12.1;
				MTL_ENABLE_DEBUG_INFO = NO;
				MTL_FAST_MATH = YES;
				SDKROOT = macosx;
				SWIFT_COMPILATION_MODE = wholemodule;
				SWIFT_OPTIMIZATION_LEVEL = "-O";
			};
			name = Release;
		};
		28FDF723279E1D4900573C23 /* Debug */ = {
			isa = XCBuildConfiguration;
			buildSettings = {
				ALWAYS_EMBED_SWIFT_STANDARD_LIBRARIES = YES;
				ASSETCATALOG_COMPILER_APPICON_NAME = AppIcon;
				ASSETCATALOG_COMPILER_GLOBAL_ACCENT_COLOR_NAME = AccentColor;
				CODE_SIGN_ENTITLEMENTS = Manila/Manila.entitlements;
				CODE_SIGN_IDENTITY = "-";
				CODE_SIGN_STYLE = Automatic;
				COMBINE_HIDPI_IMAGES = YES;
				CURRENT_PROJECT_VERSION = 1;
				DEVELOPMENT_TEAM = ZW9695993M;
				ENABLE_HARDENED_RUNTIME = YES;
				GENERATE_INFOPLIST_FILE = YES;
				INFOPLIST_KEY_LSApplicationCategoryType = "public.app-category.utilities";
				INFOPLIST_KEY_NSDesktopFolderUsageDescription = "Allow access to change the colors of folders on your Desktop.";
				INFOPLIST_KEY_NSDocumentsFolderUsageDescription = "Allow access to change the colors of folders in your Documents folder.";
				INFOPLIST_KEY_NSDownloadsFolderUsageDescription = "Allow access to change the colors of folders in your Downloads folder.";
				INFOPLIST_KEY_NSHumanReadableCopyright = "Copyright © 2022 Neil Sardesai\nAll rights reserved.";
				INFOPLIST_KEY_NSMainStoryboardFile = Main;
				INFOPLIST_KEY_NSPrincipalClass = NSApplication;
				LD_RUNPATH_SEARCH_PATHS = (
					"$(inherited)",
					"@executable_path/../Frameworks",
				);
				MARKETING_VERSION = 1.0.2;
				PRODUCT_BUNDLE_IDENTIFIER = com.NeilSardesai.Manila;
				PRODUCT_NAME = "$(TARGET_NAME)";
				SWIFT_EMIT_LOC_STRINGS = YES;
				SWIFT_VERSION = 5.0;
			};
			name = Debug;
		};
		28FDF724279E1D4900573C23 /* Release */ = {
			isa = XCBuildConfiguration;
			buildSettings = {
				ALWAYS_EMBED_SWIFT_STANDARD_LIBRARIES = YES;
				ASSETCATALOG_COMPILER_APPICON_NAME = AppIcon;
				ASSETCATALOG_COMPILER_GLOBAL_ACCENT_COLOR_NAME = AccentColor;
				CODE_SIGN_ENTITLEMENTS = Manila/Manila.entitlements;
				CODE_SIGN_IDENTITY = "-";
				CODE_SIGN_STYLE = Automatic;
				COMBINE_HIDPI_IMAGES = YES;
				CURRENT_PROJECT_VERSION = 1;
				DEVELOPMENT_TEAM = ZW9695993M;
				ENABLE_HARDENED_RUNTIME = YES;
				GENERATE_INFOPLIST_FILE = YES;
				INFOPLIST_KEY_LSApplicationCategoryType = "public.app-category.utilities";
				INFOPLIST_KEY_NSDesktopFolderUsageDescription = "Allow access to change the colors of folders on your Desktop.";
				INFOPLIST_KEY_NSDocumentsFolderUsageDescription = "Allow access to change the colors of folders in your Documents folder.";
				INFOPLIST_KEY_NSDownloadsFolderUsageDescription = "Allow access to change the colors of folders in your Downloads folder.";
				INFOPLIST_KEY_NSHumanReadableCopyright = "Copyright © 2022 Neil Sardesai\nAll rights reserved.";
				INFOPLIST_KEY_NSMainStoryboardFile = Main;
				INFOPLIST_KEY_NSPrincipalClass = NSApplication;
				LD_RUNPATH_SEARCH_PATHS = (
					"$(inherited)",
					"@executable_path/../Frameworks",
				);
				MARKETING_VERSION = 1.0.2;
				PRODUCT_BUNDLE_IDENTIFIER = com.NeilSardesai.Manila;
				PRODUCT_NAME = "$(TARGET_NAME)";
				SWIFT_EMIT_LOC_STRINGS = YES;
				SWIFT_VERSION = 5.0;
			};
			name = Release;
		};
		28FDF733279E1D6F00573C23 /* Debug */ = {
			isa = XCBuildConfiguration;
			buildSettings = {
				CODE_SIGN_ENTITLEMENTS = "Manila Finder Extension/Manila_Finder_Extension.entitlements";
				CODE_SIGN_IDENTITY = "-";
				CODE_SIGN_STYLE = Automatic;
				COMBINE_HIDPI_IMAGES = YES;
				CURRENT_PROJECT_VERSION = 1;
				DEVELOPMENT_TEAM = ZW9695993M;
				ENABLE_HARDENED_RUNTIME = YES;
				GENERATE_INFOPLIST_FILE = YES;
				INFOPLIST_FILE = "Manila Finder Extension/Info.plist";
				INFOPLIST_KEY_CFBundleDisplayName = "Manila Finder Extension";
				INFOPLIST_KEY_NSHumanReadableCopyright = "Copyright © 2022 Neil Sardesai\nAll rights reserved.";
				LD_RUNPATH_SEARCH_PATHS = (
					"$(inherited)",
					"@executable_path/../Frameworks",
					"@executable_path/../../../../Frameworks",
				);
				MARKETING_VERSION = 1.0.2;
				PRODUCT_BUNDLE_IDENTIFIER = "com.NeilSardesai.Manila.Manila-Finder-Extension";
				PRODUCT_NAME = "$(TARGET_NAME)";
				SKIP_INSTALL = YES;
				SWIFT_EMIT_LOC_STRINGS = YES;
				SWIFT_VERSION = 5.0;
			};
			name = Debug;
		};
		28FDF734279E1D6F00573C23 /* Release */ = {
			isa = XCBuildConfiguration;
			buildSettings = {
				CODE_SIGN_ENTITLEMENTS = "Manila Finder Extension/Manila_Finder_Extension.entitlements";
				CODE_SIGN_IDENTITY = "-";
				CODE_SIGN_STYLE = Automatic;
				COMBINE_HIDPI_IMAGES = YES;
				CURRENT_PROJECT_VERSION = 1;
				DEVELOPMENT_TEAM = ZW9695993M;
				ENABLE_HARDENED_RUNTIME = YES;
				GENERATE_INFOPLIST_FILE = YES;
				INFOPLIST_FILE = "Manila Finder Extension/Info.plist";
				INFOPLIST_KEY_CFBundleDisplayName = "Manila Finder Extension";
				INFOPLIST_KEY_NSHumanReadableCopyright = "Copyright © 2022 Neil Sardesai\nAll rights reserved.";
				LD_RUNPATH_SEARCH_PATHS = (
					"$(inherited)",
					"@executable_path/../Frameworks",
					"@executable_path/../../../../Frameworks",
				);
				MARKETING_VERSION = 1.0.2;
				PRODUCT_BUNDLE_IDENTIFIER = "com.NeilSardesai.Manila.Manila-Finder-Extension";
				PRODUCT_NAME = "$(TARGET_NAME)";
				SKIP_INSTALL = YES;
				SWIFT_EMIT_LOC_STRINGS = YES;
				SWIFT_VERSION = 5.0;
			};
			name = Release;
		};
/* End XCBuildConfiguration section */

/* Begin XCConfigurationList section */
		28FDF70E279E1D4800573C23 /* Build configuration list for PBXProject "Manila" */ = {
			isa = XCConfigurationList;
			buildConfigurations = (
				28FDF720279E1D4900573C23 /* Debug */,
				28FDF721279E1D4900573C23 /* Release */,
			);
			defaultConfigurationIsVisible = 0;
			defaultConfigurationName = Release;
		};
		28FDF722279E1D4900573C23 /* Build configuration list for PBXNativeTarget "Manila" */ = {
			isa = XCConfigurationList;
			buildConfigurations = (
				28FDF723279E1D4900573C23 /* Debug */,
				28FDF724279E1D4900573C23 /* Release */,
			);
			defaultConfigurationIsVisible = 0;
			defaultConfigurationName = Release;
		};
		28FDF732279E1D6F00573C23 /* Build configuration list for PBXNativeTarget "Manila Finder Extension" */ = {
			isa = XCConfigurationList;
			buildConfigurations = (
				28FDF733279E1D6F00573C23 /* Debug */,
				28FDF734279E1D6F00573C23 /* Release */,
			);
			defaultConfigurationIsVisible = 0;
			defaultConfigurationName = Release;
		};
/* End XCConfigurationList section */
	};
	rootObject = 28FDF70B279E1D4800573C23 /* Project object */;
}
